
Microsoft Visual Studio Solution File, Format Version 12.00
# Visual Studio Version 16
VisualStudioVersion = 16.0.29728.190
MinimumVisualStudioVersion = 10.0.40219.1
Project("{FAE04EC0-301F-11D3-BF4B-00C04F79EFBC}") = "prova", "prova\prova.csproj", "{E3021E45-256B-4EF2-8FB6-0B4DC6017FEA}"
EndProject
Global
	GlobalSection(SolutionConfigurationPlatforms) = preSolution
		Debug|Any CPU = Debug|Any CPU
		Release|Any CPU = Release|Any CPU
	EndGlobalSection
	GlobalSection(ProjectConfigurationPlatforms) = postSolution
		{E3021E45-256B-4EF2-8FB6-0B4DC6017FEA}.Debug|Any CPU.ActiveCfg = Debug|Any CPU
		{E3021E45-256B-4EF2-8FB6-0B4DC6017FEA}.Debug|Any CPU.Build.0 = Debug|Any CPU
		{E3021E45-256B-4EF2-8FB6-0B4DC6017FEA}.Release|Any CPU.ActiveCfg = Release|Any CPU
		{E3021E45-256B-4EF2-8FB6-0B4DC6017FEA}.Release|Any CPU.Build.0 = Release|Any CPU
	EndGlobalSection
	GlobalSection(SolutionProperties) = preSolution
		HideSolutionNode = FALSE
	EndGlobalSection
	GlobalSection(ExtensibilityGlobals) = postSolution
		SolutionGuid = {F52C3DB8-58DB-4994-A6EC-490CDD6DB93D}
	EndGlobalSection
EndGlobal
